
Microsoft Visual Studio Solution File, Format Version 12.00
# Visual Studio Version 17
VisualStudioVersion = 17.3.32901.215
MinimumVisualStudioVersion = 10.0.40219.1
Project("{9A19103F-16F7-4668-BE54-9A1E7A4F7556}") = "Prueba", "Prueba\Prueba.csproj", "{E83799FA-9531-4A44-8105-87C99693DB33}"
EndProject
Project("{9A19103F-16F7-4668-BE54-9A1E7A4F7556}") = "ejercicio1", "ConsoleApp1\ejercicio1.csproj", "{E047DF8F-40DD-4EF7-B489-ACBCA1043EFD}"
EndProject
Project("{9A19103F-16F7-4668-BE54-9A1E7A4F7556}") = "ejercicio2", "ejercicio2\ejercicio2.csproj", "{8688F048-72B9-4F6B-9C10-DDB5197EE37A}"
EndProject
Project("{9A19103F-16F7-4668-BE54-9A1E7A4F7556}") = "ejercicio3", "ejercicio3\ejercicio3.csproj", "{8B49FC37-D673-405F-A90E-0FE76C87681A}"
EndProject
Project("{9A19103F-16F7-4668-BE54-9A1E7A4F7556}") = "ejercicio4", "ejercicio4\ejercicio4.csproj", "{762F9A1B-3796-4C66-94C0-703DF66E7371}"
EndProject
Project("{9A19103F-16F7-4668-BE54-9A1E7A4F7556}") = "ejercicio5", "ejercicio5\ejercicio5.csproj", "{0D107699-99D3-4963-A5D8-FEA672EA3701}"
EndProject
Project("{9A19103F-16F7-4668-BE54-9A1E7A4F7556}") = "ejercicio6", "ejercicio6\ejercicio6.csproj", "{38243C7E-F94A-44B4-AA9B-2AB23708793A}"
EndProject
Project("{9A19103F-16F7-4668-BE54-9A1E7A4F7556}") = "ejercicio7", "ejercicio7\ejercicio7.csproj", "{26B6FB5F-F69F-4926-9277-A6B29251A598}"
EndProject
Project("{9A19103F-16F7-4668-BE54-9A1E7A4F7556}") = "ejercicio8", "ejercicio8\ejercicio8.csproj", "{7A617011-7A3E-45FC-84A7-F428ECE8581B}"
EndProject
Project("{9A19103F-16F7-4668-BE54-9A1E7A4F7556}") = "ejercicio9", "ejercicio9\ejercicio9.csproj", "{E50CA222-CF52-44C2-B712-04BC05939B7D}"
EndProject
Project("{9A19103F-16F7-4668-BE54-9A1E7A4F7556}") = "ejercicio10", "ejercicio10\ejercicio10.csproj", "{10C76B0E-FE3F-4502-A478-551671E4C73F}"
EndProject
Project("{9A19103F-16F7-4668-BE54-9A1E7A4F7556}") = "ejercicio11", "ejercicio11\ejercicio11.csproj", "{E7EEBF4C-4324-4D86-89F2-2746C4622A9F}"
EndProject
Project("{9A19103F-16F7-4668-BE54-9A1E7A4F7556}") = "ejercicio12", "ejercicio12\ejercicio12.csproj", "{4E104D3D-EF9E-492C-8B7D-26E1266B557B}"
EndProject
Project("{9A19103F-16F7-4668-BE54-9A1E7A4F7556}") = "ejercicio13", "ejercicio13\ejercicio13.csproj", "{92386819-E6AA-44E5-9A2F-27C2E1E84BBD}"
EndProject
Project("{9A19103F-16F7-4668-BE54-9A1E7A4F7556}") = "ejercicio14", "ejercicio14\ejercicio14.csproj", "{E76A6EDC-D2E9-4647-8E6D-BA0D50C134BF}"
EndProject
Project("{9A19103F-16F7-4668-BE54-9A1E7A4F7556}") = "ejercicio15", "ejercicio15\ejercicio15.csproj", "{C48223B8-4B1D-4D13-AF60-9D1A5BBED2BE}"
EndProject
Project("{9A19103F-16F7-4668-BE54-9A1E7A4F7556}") = "ejercicio16", "ejercicio16\ejercicio16.csproj", "{DD32D6DA-D35E-4412-8179-0D472428227C}"
EndProject
Project("{9A19103F-16F7-4668-BE54-9A1E7A4F7556}") = "ejercicio17", "ejercicio17\ejercicio17.csproj", "{4574F612-2F38-4BAD-8959-BA1534D42ED7}"
EndProject
Project("{9A19103F-16F7-4668-BE54-9A1E7A4F7556}") = "ejercicio19 Diamante", "Diamante\ejercicio19 Diamante.csproj", "{9CE4B31D-E01C-4BE8-BA43-541F060C8792}"
EndProject
Project("{9A19103F-16F7-4668-BE54-9A1E7A4F7556}") = "metodos", "metodos\metodos.csproj", "{E20ECA5A-F99C-4849-8210-BC477080E08E}"
EndProject
Project("{9A19103F-16F7-4668-BE54-9A1E7A4F7556}") = "ejercicio18", "ejercicio18\ejercicio18.csproj", "{7EED162B-6561-4890-9C27-0C71E46B96E4}"
EndProject
Project("{9A19103F-16F7-4668-BE54-9A1E7A4F7556}") = "ejercicio20", "ejercicio20\ejercicio20.csproj", "{4FE1BE2D-E0BA-462A-81C2-15B0D7280375}"
EndProject
Project("{9A19103F-16F7-4668-BE54-9A1E7A4F7556}") = "ejercicio21", "ejercicio21\ejercicio21.csproj", "{2E3920C1-A709-413C-BCA3-A1D7185891A3}"
EndProject
Project("{9A19103F-16F7-4668-BE54-9A1E7A4F7556}") = "ejercicio23", "ejercicio23\ejercicio23.csproj", "{02BE91A7-8016-4CA0-864C-1763A7736539}"
EndProject
Project("{9A19103F-16F7-4668-BE54-9A1E7A4F7556}") = "ejercicio31", "ejercicio31\ejercicio31.csproj", "{D7F159AC-1E7B-4612-A3A0-C3FF1158D0C2}"
EndProject
Project("{9A19103F-16F7-4668-BE54-9A1E7A4F7556}") = "ejercicio32", "ejercicio32\ejercicio32.csproj", "{4A7D9B17-D26A-4F9E-ABC4-4D24FEACB187}"
EndProject
Project("{9A19103F-16F7-4668-BE54-9A1E7A4F7556}") = "ejercicio25", "ejercicio25\ejercicio25.csproj", "{26B83CC9-8A4F-4F0A-9536-0B538D06222C}"
EndProject
Project("{9A19103F-16F7-4668-BE54-9A1E7A4F7556}") = "ejercicio22", "ejercicio22\ejercicio22.csproj", "{E2607846-A5DF-49EB-80C8-C2E7F3A8AF5A}"
EndProject
Project("{9A19103F-16F7-4668-BE54-9A1E7A4F7556}") = "ejercicio24", "ejercicio24\ejercicio24.csproj", "{77AF7CDD-0C82-4F2E-87E8-35037817D486}"
EndProject
Project("{9A19103F-16F7-4668-BE54-9A1E7A4F7556}") = "ejercicio26", "ejercicio26\ejercicio26.csproj", "{C6F2C3EF-83EC-4148-A3C7-F1F7349867A8}"
EndProject
Project("{9A19103F-16F7-4668-BE54-9A1E7A4F7556}") = "ejercicio27", "ejercicio27\ejercicio27.csproj", "{1BD38697-F479-44D5-B0EE-C9648F45A632}"
EndProject
Project("{9A19103F-16F7-4668-BE54-9A1E7A4F7556}") = "ejercicio28", "ejercicio28\ejercicio28.csproj", "{BE6643F9-EBD3-4E29-A480-D2DE11C5CA7F}"
EndProject
Project("{9A19103F-16F7-4668-BE54-9A1E7A4F7556}") = "ejercicio29", "ejercicio29\ejercicio29.csproj", "{B3DCC981-30A6-48F2-B782-17996035CFFC}"
EndProject
Project("{9A19103F-16F7-4668-BE54-9A1E7A4F7556}") = "ejercicio33", "ejercicio33\ejercicio33.csproj", "{CF8C40FC-E7D0-49ED-AB43-649D0EFC47B7}"
EndProject
Project("{9A19103F-16F7-4668-BE54-9A1E7A4F7556}") = "ejercicio30", "ejercicio30\ejercicio30.csproj", "{8E2DC00A-8B19-44EA-B9DD-4AE5D25AFB33}"
EndProject
Project("{9A19103F-16F7-4668-BE54-9A1E7A4F7556}") = "ejercicio34", "ejercico34\ejercicio34.csproj", "{988412CA-F3C5-4D0A-B1CE-934567F7F4BF}"
EndProject
Project("{9A19103F-16F7-4668-BE54-9A1E7A4F7556}") = "ejercicio35", "ejercicio35\ejercicio35.csproj", "{64634E9D-042A-4652-B0E9-CE165A7B9C1A}"
EndProject
Project("{9A19103F-16F7-4668-BE54-9A1E7A4F7556}") = "ejercicio37", "ejercicio37\ejercicio37.csproj", "{6E4AC0A8-2D60-426E-8D6B-ABDA30D86D55}"
EndProject
Project("{9A19103F-16F7-4668-BE54-9A1E7A4F7556}") = "ejercicio36", "ejercicio36\ejercicio36.csproj", "{C05845E1-08D1-47CA-B55C-8DAC26E11257}"
EndProject
Project("{9A19103F-16F7-4668-BE54-9A1E7A4F7556}") = "ejercicio38", "ejercicio38\ejercicio38.csproj", "{ED1EB150-18C4-485A-96EE-1C3C1C9F4DA0}"
EndProject
Global
	GlobalSection(SolutionConfigurationPlatforms) = preSolution
		Debug|Any CPU = Debug|Any CPU
		Release|Any CPU = Release|Any CPU
	EndGlobalSection
	GlobalSection(ProjectConfigurationPlatforms) = postSolution
		{E83799FA-9531-4A44-8105-87C99693DB33}.Debug|Any CPU.ActiveCfg = Debug|Any CPU
		{E83799FA-9531-4A44-8105-87C99693DB33}.Debug|Any CPU.Build.0 = Debug|Any CPU
		{E83799FA-9531-4A44-8105-87C99693DB33}.Release|Any CPU.ActiveCfg = Release|Any CPU
		{E83799FA-9531-4A44-8105-87C99693DB33}.Release|Any CPU.Build.0 = Release|Any CPU
		{E047DF8F-40DD-4EF7-B489-ACBCA1043EFD}.Debug|Any CPU.ActiveCfg = Debug|Any CPU
		{E047DF8F-40DD-4EF7-B489-ACBCA1043EFD}.Debug|Any CPU.Build.0 = Debug|Any CPU
		{E047DF8F-40DD-4EF7-B489-ACBCA1043EFD}.Release|Any CPU.ActiveCfg = Release|Any CPU
		{E047DF8F-40DD-4EF7-B489-ACBCA1043EFD}.Release|Any CPU.Build.0 = Release|Any CPU
		{8688F048-72B9-4F6B-9C10-DDB5197EE37A}.Debug|Any CPU.ActiveCfg = Debug|Any CPU
		{8688F048-72B9-4F6B-9C10-DDB5197EE37A}.Debug|Any CPU.Build.0 = Debug|Any CPU
		{8688F048-72B9-4F6B-9C10-DDB5197EE37A}.Release|Any CPU.ActiveCfg = Release|Any CPU
		{8688F048-72B9-4F6B-9C10-DDB5197EE37A}.Release|Any CPU.Build.0 = Release|Any CPU
		{8B49FC37-D673-405F-A90E-0FE76C87681A}.Debug|Any CPU.ActiveCfg = Debug|Any CPU
		{8B49FC37-D673-405F-A90E-0FE76C87681A}.Debug|Any CPU.Build.0 = Debug|Any CPU
		{8B49FC37-D673-405F-A90E-0FE76C87681A}.Release|Any CPU.ActiveCfg = Release|Any CPU
		{8B49FC37-D673-405F-A90E-0FE76C87681A}.Release|Any CPU.Build.0 = Release|Any CPU
		{762F9A1B-3796-4C66-94C0-703DF66E7371}.Debug|Any CPU.ActiveCfg = Debug|Any CPU
		{762F9A1B-3796-4C66-94C0-703DF66E7371}.Debug|Any CPU.Build.0 = Debug|Any CPU
		{762F9A1B-3796-4C66-94C0-703DF66E7371}.Release|Any CPU.ActiveCfg = Release|Any CPU
		{762F9A1B-3796-4C66-94C0-703DF66E7371}.Release|Any CPU.Build.0 = Release|Any CPU
		{0D107699-99D3-4963-A5D8-FEA672EA3701}.Debug|Any CPU.ActiveCfg = Debug|Any CPU
		{0D107699-99D3-4963-A5D8-FEA672EA3701}.Debug|Any CPU.Build.0 = Debug|Any CPU
		{0D107699-99D3-4963-A5D8-FEA672EA3701}.Release|Any CPU.ActiveCfg = Release|Any CPU
		{0D107699-99D3-4963-A5D8-FEA672EA3701}.Release|Any CPU.Build.0 = Release|Any CPU
		{38243C7E-F94A-44B4-AA9B-2AB23708793A}.Debug|Any CPU.ActiveCfg = Debug|Any CPU
		{38243C7E-F94A-44B4-AA9B-2AB23708793A}.Debug|Any CPU.Build.0 = Debug|Any CPU
		{38243C7E-F94A-44B4-AA9B-2AB23708793A}.Release|Any CPU.ActiveCfg = Release|Any CPU
		{38243C7E-F94A-44B4-AA9B-2AB23708793A}.Release|Any CPU.Build.0 = Release|Any CPU
		{26B6FB5F-F69F-4926-9277-A6B29251A598}.Debug|Any CPU.ActiveCfg = Debug|Any CPU
		{26B6FB5F-F69F-4926-9277-A6B29251A598}.Debug|Any CPU.Build.0 = Debug|Any CPU
		{26B6FB5F-F69F-4926-9277-A6B29251A598}.Release|Any CPU.ActiveCfg = Release|Any CPU
		{26B6FB5F-F69F-4926-9277-A6B29251A598}.Release|Any CPU.Build.0 = Release|Any CPU
		{7A617011-7A3E-45FC-84A7-F428ECE8581B}.Debug|Any CPU.ActiveCfg = Debug|Any CPU
		{7A617011-7A3E-45FC-84A7-F428ECE8581B}.Debug|Any CPU.Build.0 = Debug|Any CPU
		{7A617011-7A3E-45FC-84A7-F428ECE8581B}.Release|Any CPU.ActiveCfg = Release|Any CPU
		{7A617011-7A3E-45FC-84A7-F428ECE8581B}.Release|Any CPU.Build.0 = Release|Any CPU
		{E50CA222-CF52-44C2-B712-04BC05939B7D}.Debug|Any CPU.ActiveCfg = Debug|Any CPU
		{E50CA222-CF52-44C2-B712-04BC05939B7D}.Debug|Any CPU.Build.0 = Debug|Any CPU
		{E50CA222-CF52-44C2-B712-04BC05939B7D}.Release|Any CPU.ActiveCfg = Release|Any CPU
		{E50CA222-CF52-44C2-B712-04BC05939B7D}.Release|Any CPU.Build.0 = Release|Any CPU
		{10C76B0E-FE3F-4502-A478-551671E4C73F}.Debug|Any CPU.ActiveCfg = Debug|Any CPU
		{10C76B0E-FE3F-4502-A478-551671E4C73F}.Debug|Any CPU.Build.0 = Debug|Any CPU
		{10C76B0E-FE3F-4502-A478-551671E4C73F}.Release|Any CPU.ActiveCfg = Release|Any CPU
		{10C76B0E-FE3F-4502-A478-551671E4C73F}.Release|Any CPU.Build.0 = Release|Any CPU
		{E7EEBF4C-4324-4D86-89F2-2746C4622A9F}.Debug|Any CPU.ActiveCfg = Debug|Any CPU
		{E7EEBF4C-4324-4D86-89F2-2746C4622A9F}.Debug|Any CPU.Build.0 = Debug|Any CPU
		{E7EEBF4C-4324-4D86-89F2-2746C4622A9F}.Release|Any CPU.ActiveCfg = Release|Any CPU
		{E7EEBF4C-4324-4D86-89F2-2746C4622A9F}.Release|Any CPU.Build.0 = Release|Any CPU
		{4E104D3D-EF9E-492C-8B7D-26E1266B557B}.Debug|Any CPU.ActiveCfg = Debug|Any CPU
		{4E104D3D-EF9E-492C-8B7D-26E1266B557B}.Debug|Any CPU.Build.0 = Debug|Any CPU
		{4E104D3D-EF9E-492C-8B7D-26E1266B557B}.Release|Any CPU.ActiveCfg = Release|Any CPU
		{4E104D3D-EF9E-492C-8B7D-26E1266B557B}.Release|Any CPU.Build.0 = Release|Any CPU
		{92386819-E6AA-44E5-9A2F-27C2E1E84BBD}.Debug|Any CPU.ActiveCfg = Debug|Any CPU
		{92386819-E6AA-44E5-9A2F-27C2E1E84BBD}.Debug|Any CPU.Build.0 = Debug|Any CPU
		{92386819-E6AA-44E5-9A2F-27C2E1E84BBD}.Release|Any CPU.ActiveCfg = Release|Any CPU
		{92386819-E6AA-44E5-9A2F-27C2E1E84BBD}.Release|Any CPU.Build.0 = Release|Any CPU
		{E76A6EDC-D2E9-4647-8E6D-BA0D50C134BF}.Debug|Any CPU.ActiveCfg = Debug|Any CPU
		{E76A6EDC-D2E9-4647-8E6D-BA0D50C134BF}.Debug|Any CPU.Build.0 = Debug|Any CPU
		{E76A6EDC-D2E9-4647-8E6D-BA0D50C134BF}.Release|Any CPU.ActiveCfg = Release|Any CPU
		{E76A6EDC-D2E9-4647-8E6D-BA0D50C134BF}.Release|Any CPU.Build.0 = Release|Any CPU
		{C48223B8-4B1D-4D13-AF60-9D1A5BBED2BE}.Debug|Any CPU.ActiveCfg = Debug|Any CPU
		{C48223B8-4B1D-4D13-AF60-9D1A5BBED2BE}.Debug|Any CPU.Build.0 = Debug|Any CPU
		{C48223B8-4B1D-4D13-AF60-9D1A5BBED2BE}.Release|Any CPU.ActiveCfg = Release|Any CPU
		{C48223B8-4B1D-4D13-AF60-9D1A5BBED2BE}.Release|Any CPU.Build.0 = Release|Any CPU
		{DD32D6DA-D35E-4412-8179-0D472428227C}.Debug|Any CPU.ActiveCfg = Debug|Any CPU
		{DD32D6DA-D35E-4412-8179-0D472428227C}.Debug|Any CPU.Build.0 = Debug|Any CPU
		{DD32D6DA-D35E-4412-8179-0D472428227C}.Release|Any CPU.ActiveCfg = Release|Any CPU
		{DD32D6DA-D35E-4412-8179-0D472428227C}.Release|Any CPU.Build.0 = Release|Any CPU
		{4574F612-2F38-4BAD-8959-BA1534D42ED7}.Debug|Any CPU.ActiveCfg = Debug|Any CPU
		{4574F612-2F38-4BAD-8959-BA1534D42ED7}.Debug|Any CPU.Build.0 = Debug|Any CPU
		{4574F612-2F38-4BAD-8959-BA1534D42ED7}.Release|Any CPU.ActiveCfg = Release|Any CPU
		{4574F612-2F38-4BAD-8959-BA1534D42ED7}.Release|Any CPU.Build.0 = Release|Any CPU
		{9CE4B31D-E01C-4BE8-BA43-541F060C8792}.Debug|Any CPU.ActiveCfg = Debug|Any CPU
		{9CE4B31D-E01C-4BE8-BA43-541F060C8792}.Debug|Any CPU.Build.0 = Debug|Any CPU
		{9CE4B31D-E01C-4BE8-BA43-541F060C8792}.Release|Any CPU.ActiveCfg = Release|Any CPU
		{9CE4B31D-E01C-4BE8-BA43-541F060C8792}.Release|Any CPU.Build.0 = Release|Any CPU
		{E20ECA5A-F99C-4849-8210-BC477080E08E}.Debug|Any CPU.ActiveCfg = Debug|Any CPU
		{E20ECA5A-F99C-4849-8210-BC477080E08E}.Debug|Any CPU.Build.0 = Debug|Any CPU
		{E20ECA5A-F99C-4849-8210-BC477080E08E}.Release|Any CPU.ActiveCfg = Release|Any CPU
		{E20ECA5A-F99C-4849-8210-BC477080E08E}.Release|Any CPU.Build.0 = Release|Any CPU
		{7EED162B-6561-4890-9C27-0C71E46B96E4}.Debug|Any CPU.ActiveCfg = Debug|Any CPU
		{7EED162B-6561-4890-9C27-0C71E46B96E4}.Debug|Any CPU.Build.0 = Debug|Any CPU
		{7EED162B-6561-4890-9C27-0C71E46B96E4}.Release|Any CPU.ActiveCfg = Release|Any CPU
		{7EED162B-6561-4890-9C27-0C71E46B96E4}.Release|Any CPU.Build.0 = Release|Any CPU
		{4FE1BE2D-E0BA-462A-81C2-15B0D7280375}.Debug|Any CPU.ActiveCfg = Debug|Any CPU
		{4FE1BE2D-E0BA-462A-81C2-15B0D7280375}.Debug|Any CPU.Build.0 = Debug|Any CPU
		{4FE1BE2D-E0BA-462A-81C2-15B0D7280375}.Release|Any CPU.ActiveCfg = Release|Any CPU
		{4FE1BE2D-E0BA-462A-81C2-15B0D7280375}.Release|Any CPU.Build.0 = Release|Any CPU
		{2E3920C1-A709-413C-BCA3-A1D7185891A3}.Debug|Any CPU.ActiveCfg = Debug|Any CPU
		{2E3920C1-A709-413C-BCA3-A1D7185891A3}.Debug|Any CPU.Build.0 = Debug|Any CPU
		{2E3920C1-A709-413C-BCA3-A1D7185891A3}.Release|Any CPU.ActiveCfg = Release|Any CPU
		{2E3920C1-A709-413C-BCA3-A1D7185891A3}.Release|Any CPU.Build.0 = Release|Any CPU
		{02BE91A7-8016-4CA0-864C-1763A7736539}.Debug|Any CPU.ActiveCfg = Debug|Any CPU
		{02BE91A7-8016-4CA0-864C-1763A7736539}.Debug|Any CPU.Build.0 = Debug|Any CPU
		{02BE91A7-8016-4CA0-864C-1763A7736539}.Release|Any CPU.ActiveCfg = Release|Any CPU
		{02BE91A7-8016-4CA0-864C-1763A7736539}.Release|Any CPU.Build.0 = Release|Any CPU
		{D7F159AC-1E7B-4612-A3A0-C3FF1158D0C2}.Debug|Any CPU.ActiveCfg = Debug|Any CPU
		{D7F159AC-1E7B-4612-A3A0-C3FF1158D0C2}.Debug|Any CPU.Build.0 = Debug|Any CPU
		{D7F159AC-1E7B-4612-A3A0-C3FF1158D0C2}.Release|Any CPU.ActiveCfg = Release|Any CPU
		{D7F159AC-1E7B-4612-A3A0-C3FF1158D0C2}.Release|Any CPU.Build.0 = Release|Any CPU
		{4A7D9B17-D26A-4F9E-ABC4-4D24FEACB187}.Debug|Any CPU.ActiveCfg = Debug|Any CPU
		{4A7D9B17-D26A-4F9E-ABC4-4D24FEACB187}.Debug|Any CPU.Build.0 = Debug|Any CPU
		{4A7D9B17-D26A-4F9E-ABC4-4D24FEACB187}.Release|Any CPU.ActiveCfg = Release|Any CPU
		{4A7D9B17-D26A-4F9E-ABC4-4D24FEACB187}.Release|Any CPU.Build.0 = Release|Any CPU
		{26B83CC9-8A4F-4F0A-9536-0B538D06222C}.Debug|Any CPU.ActiveCfg = Debug|Any CPU
		{26B83CC9-8A4F-4F0A-9536-0B538D06222C}.Debug|Any CPU.Build.0 = Debug|Any CPU
		{26B83CC9-8A4F-4F0A-9536-0B538D06222C}.Release|Any CPU.ActiveCfg = Release|Any CPU
		{26B83CC9-8A4F-4F0A-9536-0B538D06222C}.Release|Any CPU.Build.0 = Release|Any CPU
		{E2607846-A5DF-49EB-80C8-C2E7F3A8AF5A}.Debug|Any CPU.ActiveCfg = Debug|Any CPU
		{E2607846-A5DF-49EB-80C8-C2E7F3A8AF5A}.Debug|Any CPU.Build.0 = Debug|Any CPU
		{E2607846-A5DF-49EB-80C8-C2E7F3A8AF5A}.Release|Any CPU.ActiveCfg = Release|Any CPU
		{E2607846-A5DF-49EB-80C8-C2E7F3A8AF5A}.Release|Any CPU.Build.0 = Release|Any CPU
		{77AF7CDD-0C82-4F2E-87E8-35037817D486}.Debug|Any CPU.ActiveCfg = Debug|Any CPU
		{77AF7CDD-0C82-4F2E-87E8-35037817D486}.Debug|Any CPU.Build.0 = Debug|Any CPU
		{77AF7CDD-0C82-4F2E-87E8-35037817D486}.Release|Any CPU.ActiveCfg = Release|Any CPU
		{77AF7CDD-0C82-4F2E-87E8-35037817D486}.Release|Any CPU.Build.0 = Release|Any CPU
		{C6F2C3EF-83EC-4148-A3C7-F1F7349867A8}.Debug|Any CPU.ActiveCfg = Debug|Any CPU
		{C6F2C3EF-83EC-4148-A3C7-F1F7349867A8}.Debug|Any CPU.Build.0 = Debug|Any CPU
		{C6F2C3EF-83EC-4148-A3C7-F1F7349867A8}.Release|Any CPU.ActiveCfg = Release|Any CPU
		{C6F2C3EF-83EC-4148-A3C7-F1F7349867A8}.Release|Any CPU.Build.0 = Release|Any CPU
		{1BD38697-F479-44D5-B0EE-C9648F45A632}.Debug|Any CPU.ActiveCfg = Debug|Any CPU
		{1BD38697-F479-44D5-B0EE-C9648F45A632}.Debug|Any CPU.Build.0 = Debug|Any CPU
		{1BD38697-F479-44D5-B0EE-C9648F45A632}.Release|Any CPU.ActiveCfg = Release|Any CPU
		{1BD38697-F479-44D5-B0EE-C9648F45A632}.Release|Any CPU.Build.0 = Release|Any CPU
		{BE6643F9-EBD3-4E29-A480-D2DE11C5CA7F}.Debug|Any CPU.ActiveCfg = Debug|Any CPU
		{BE6643F9-EBD3-4E29-A480-D2DE11C5CA7F}.Debug|Any CPU.Build.0 = Debug|Any CPU
		{BE6643F9-EBD3-4E29-A480-D2DE11C5CA7F}.Release|Any CPU.ActiveCfg = Release|Any CPU
		{BE6643F9-EBD3-4E29-A480-D2DE11C5CA7F}.Release|Any CPU.Build.0 = Release|Any CPU
		{B3DCC981-30A6-48F2-B782-17996035CFFC}.Debug|Any CPU.ActiveCfg = Debug|Any CPU
		{B3DCC981-30A6-48F2-B782-17996035CFFC}.Debug|Any CPU.Build.0 = Debug|Any CPU
		{B3DCC981-30A6-48F2-B782-17996035CFFC}.Release|Any CPU.ActiveCfg = Release|Any CPU
		{B3DCC981-30A6-48F2-B782-17996035CFFC}.Release|Any CPU.Build.0 = Release|Any CPU
		{CF8C40FC-E7D0-49ED-AB43-649D0EFC47B7}.Debug|Any CPU.ActiveCfg = Debug|Any CPU
		{CF8C40FC-E7D0-49ED-AB43-649D0EFC47B7}.Debug|Any CPU.Build.0 = Debug|Any CPU
		{CF8C40FC-E7D0-49ED-AB43-649D0EFC47B7}.Release|Any CPU.ActiveCfg = Release|Any CPU
		{CF8C40FC-E7D0-49ED-AB43-649D0EFC47B7}.Release|Any CPU.Build.0 = Release|Any CPU
		{8E2DC00A-8B19-44EA-B9DD-4AE5D25AFB33}.Debug|Any CPU.ActiveCfg = Debug|Any CPU
		{8E2DC00A-8B19-44EA-B9DD-4AE5D25AFB33}.Debug|Any CPU.Build.0 = Debug|Any CPU
		{8E2DC00A-8B19-44EA-B9DD-4AE5D25AFB33}.Release|Any CPU.ActiveCfg = Release|Any CPU
		{8E2DC00A-8B19-44EA-B9DD-4AE5D25AFB33}.Release|Any CPU.Build.0 = Release|Any CPU
		{988412CA-F3C5-4D0A-B1CE-934567F7F4BF}.Debug|Any CPU.ActiveCfg = Debug|Any CPU
		{988412CA-F3C5-4D0A-B1CE-934567F7F4BF}.Debug|Any CPU.Build.0 = Debug|Any CPU
		{988412CA-F3C5-4D0A-B1CE-934567F7F4BF}.Release|Any CPU.ActiveCfg = Release|Any CPU
		{988412CA-F3C5-4D0A-B1CE-934567F7F4BF}.Release|Any CPU.Build.0 = Release|Any CPU
		{64634E9D-042A-4652-B0E9-CE165A7B9C1A}.Debug|Any CPU.ActiveCfg = Debug|Any CPU
		{64634E9D-042A-4652-B0E9-CE165A7B9C1A}.Debug|Any CPU.Build.0 = Debug|Any CPU
		{64634E9D-042A-4652-B0E9-CE165A7B9C1A}.Release|Any CPU.ActiveCfg = Release|Any CPU
		{64634E9D-042A-4652-B0E9-CE165A7B9C1A}.Release|Any CPU.Build.0 = Release|Any CPU
		{6E4AC0A8-2D60-426E-8D6B-ABDA30D86D55}.Debug|Any CPU.ActiveCfg = Debug|Any CPU
		{6E4AC0A8-2D60-426E-8D6B-ABDA30D86D55}.Debug|Any CPU.Build.0 = Debug|Any CPU
		{6E4AC0A8-2D60-426E-8D6B-ABDA30D86D55}.Release|Any CPU.ActiveCfg = Release|Any CPU
		{6E4AC0A8-2D60-426E-8D6B-ABDA30D86D55}.Release|Any CPU.Build.0 = Release|Any CPU
		{C05845E1-08D1-47CA-B55C-8DAC26E11257}.Debug|Any CPU.ActiveCfg = Debug|Any CPU
		{C05845E1-08D1-47CA-B55C-8DAC26E11257}.Debug|Any CPU.Build.0 = Debug|Any CPU
		{C05845E1-08D1-47CA-B55C-8DAC26E11257}.Release|Any CPU.ActiveCfg = Release|Any CPU
		{C05845E1-08D1-47CA-B55C-8DAC26E11257}.Release|Any CPU.Build.0 = Release|Any CPU
		{ED1EB150-18C4-485A-96EE-1C3C1C9F4DA0}.Debug|Any CPU.ActiveCfg = Debug|Any CPU
		{ED1EB150-18C4-485A-96EE-1C3C1C9F4DA0}.Debug|Any CPU.Build.0 = Debug|Any CPU
		{ED1EB150-18C4-485A-96EE-1C3C1C9F4DA0}.Release|Any CPU.ActiveCfg = Release|Any CPU
		{ED1EB150-18C4-485A-96EE-1C3C1C9F4DA0}.Release|Any CPU.Build.0 = Release|Any CPU
	EndGlobalSection
	GlobalSection(SolutionProperties) = preSolution
		HideSolutionNode = FALSE
	EndGlobalSection
	GlobalSection(ExtensibilityGlobals) = postSolution
		SolutionGuid = {0A62487F-D68F-475C-A988-4678FA2084B2}
	EndGlobalSection
EndGlobal
